
Microsoft Visual Studio Solution File, Format Version 12.00
# Visual Studio Version 17
VisualStudioVersion = 17.11.35303.130
MinimumVisualStudioVersion = 10.0.40219.1
Project("{FAE04EC0-301F-11D3-BF4B-00C04F79EFBC}") = "Rainbow", "Rainbow\Rainbow.csproj", "{B41A0FE0-6A72-4BB2-8786-92FF77723326}"
EndProject
Global
	GlobalSection(SolutionConfigurationPlatforms) = preSolution
		Debug|Any CPU = Debug|Any CPU
		Release|Any CPU = Release|Any CPU
	EndGlobalSection
	GlobalSection(ProjectConfigurationPlatforms) = postSolution
		{B41A0FE0-6A72-4BB2-8786-92FF77723326}.Debug|Any CPU.ActiveCfg = Debug|Any CPU
		{B41A0FE0-6A72-4BB2-8786-92FF77723326}.Debug|Any CPU.Build.0 = Debug|Any CPU
		{B41A0FE0-6A72-4BB2-8786-92FF77723326}.Release|Any CPU.ActiveCfg = Release|Any CPU
		{B41A0FE0-6A72-4BB2-8786-92FF77723326}.Release|Any CPU.Build.0 = Release|Any CPU
	EndGlobalSection
	GlobalSection(SolutionProperties) = preSolution
		HideSolutionNode = FALSE
	EndGlobalSection
	GlobalSection(ExtensibilityGlobals) = postSolution
		SolutionGuid = {CAE9203C-270D-49DA-86EF-659C05D69272}
	EndGlobalSection
EndGlobal
